
Microsoft Visual Studio Solution File, Format Version 12.00
# Visual Studio 15
VisualStudioVersion = 15.0.27703.2035
MinimumVisualStudioVersion = 10.0.40219.1
Project("{8BC9CEB8-8B4A-11D0-8D11-00A0C91BC942}") = "SPDepo", "SPDepo.vcxproj", "{507B58CC-C201-42E7-BDA3-68DE6F42706E}"
EndProject
Project("{FAE04EC0-301F-11D3-BF4B-00C04F79EFBC}") = "SPDepoGUI", "..\SPDepoGUI\SPDepoGUI.csproj", "{AB1C124D-B843-4053-8544-8246E706E0CC}"
EndProject
Global
	GlobalSection(SolutionConfigurationPlatforms) = preSolution
		Debug|Any CPU = Debug|Any CPU
		Debug|x64 = Debug|x64
		Debug|x86 = Debug|x86
		Release|Any CPU = Release|Any CPU
		Release|x64 = Release|x64
		Release|x86 = Release|x86
	EndGlobalSection
	GlobalSection(ProjectConfigurationPlatforms) = postSolution
		{507B58CC-C201-42E7-BDA3-68DE6F42706E}.Debug|Any CPU.ActiveCfg = Debug|Win32
		{507B58CC-C201-42E7-BDA3-68DE6F42706E}.Debug|x64.ActiveCfg = Debug|x64
		{507B58CC-C201-42E7-BDA3-68DE6F42706E}.Debug|x64.Build.0 = Debug|x64
		{507B58CC-C201-42E7-BDA3-68DE6F42706E}.Debug|x86.ActiveCfg = Debug|Win32
		{507B58CC-C201-42E7-BDA3-68DE6F42706E}.Debug|x86.Build.0 = Debug|Win32
		{507B58CC-C201-42E7-BDA3-68DE6F42706E}.Release|Any CPU.ActiveCfg = Release|Win32
		{507B58CC-C201-42E7-BDA3-68DE6F42706E}.Release|x64.ActiveCfg = Release|x64
		{507B58CC-C201-42E7-BDA3-68DE6F42706E}.Release|x64.Build.0 = Release|x64
		{507B58CC-C201-42E7-BDA3-68DE6F42706E}.Release|x86.ActiveCfg = Release|Win32
		{507B58CC-C201-42E7-BDA3-68DE6F42706E}.Release|x86.Build.0 = Release|Win32
		{AB1C124D-B843-4053-8544-8246E706E0CC}.Debug|Any CPU.ActiveCfg = Debug|Any CPU
		{AB1C124D-B843-4053-8544-8246E706E0CC}.Debug|Any CPU.Build.0 = Debug|Any CPU
		{AB1C124D-B843-4053-8544-8246E706E0CC}.Debug|x64.ActiveCfg = Debug|Any CPU
		{AB1C124D-B843-4053-8544-8246E706E0CC}.Debug|x64.Build.0 = Debug|Any CPU
		{AB1C124D-B843-4053-8544-8246E706E0CC}.Debug|x86.ActiveCfg = Debug|Any CPU
		{AB1C124D-B843-4053-8544-8246E706E0CC}.Debug|x86.Build.0 = Debug|Any CPU
		{AB1C124D-B843-4053-8544-8246E706E0CC}.Release|Any CPU.ActiveCfg = Release|Any CPU
		{AB1C124D-B843-4053-8544-8246E706E0CC}.Release|Any CPU.Build.0 = Release|Any CPU
		{AB1C124D-B843-4053-8544-8246E706E0CC}.Release|x64.ActiveCfg = Release|Any CPU
		{AB1C124D-B843-4053-8544-8246E706E0CC}.Release|x64.Build.0 = Release|Any CPU
		{AB1C124D-B843-4053-8544-8246E706E0CC}.Release|x86.ActiveCfg = Release|Any CPU
		{AB1C124D-B843-4053-8544-8246E706E0CC}.Release|x86.Build.0 = Release|Any CPU
	EndGlobalSection
	GlobalSection(SolutionProperties) = preSolution
		HideSolutionNode = FALSE
	EndGlobalSection
	GlobalSection(ExtensibilityGlobals) = postSolution
		SolutionGuid = {3175C97F-336B-4348-ABFE-02E8E5924D7E}
	EndGlobalSection
EndGlobal
