<?xml version="1.0" encoding="utf-8"?>
<Project ToolsVersion="4.0" xmlns="http://schemas.microsoft.com/developer/msbuild/2003">
  <ItemGroup>
    <Filter Include="Source Files">
      <UniqueIdentifier>{4FC737F1-C7A5-4376-A066-2A32D752A2FF}</UniqueIdentifier>
      <Extensions>cpp;c;cc;cxx;def;odl;idl;hpj;bat;asm;asmx</Extensions>
    </Filter>
    <Filter Include="Header Files">
      <UniqueIdentifier>{93995380-89BD-4b04-88EB-625FBE52EBFB}</UniqueIdentifier>
      <Extensions>h;hh;hpp;hxx;hm;inl;inc;ipp;xsd</Extensions>
    </Filter>
    <Filter Include="Resource Files">
      <UniqueIdentifier>{67DA6AB6-F800-4c08-8B7A-83BB121AAD01}</UniqueIdentifier>
      <Extensions>rc;ico;cur;bmp;dlg;rc2;rct;bin;rgs;gif;jpg;jpeg;jpe;resx;tiff;tif;png;wav;mfcribbon-ms</Extensions>
    </Filter>
  </ItemGroup>
  <ItemGroup>
    <ClInclude Include="stdafx.h">
      <Filter>Header Files</Filter>
    </ClInclude>
    <ClInclude Include="targetver.h">
      <Filter>Header Files</Filter>
    </ClInclude>
    <ClInclude Include="check_big_equation.h">
      <Filter>Header Files</Filter>
    </ClInclude>
    <ClInclude Include="check_deposition_library.h">
      <Filter>Header Files</Filter>
    </ClInclude>
    <ClInclude Include="check_dopri_many.h">
      <Filter>Header Files</Filter>
    </ClInclude>
    <ClInclude Include="Check_library1.h">
      <Filter>Header Files</Filter>
    </ClInclude>
    <ClInclude Include="check_library2_input.h">
      <Filter>Header Files</Filter>
    </ClInclude>
    <ClInclude Include="check_library3_vprofile.h">
      <Filter>Header Files</Filter>
    </ClInclude>
    <ClInclude Include="check_LM.h">
      <Filter>Header Files</Filter>
    </ClInclude>
    <ClInclude Include="check_plotting.h">
      <Filter>Header Files</Filter>
    </ClInclude>
    <ClInclude Include="check_simpson_method.h">
      <Filter>Header Files</Filter>
    </ClInclude>
    <ClInclude Include="concentration_profile.h">
      <Filter>Header Files</Filter>
    </ClInclude>
    <ClInclude Include="coolant_condition.h">
      <Filter>Header Files</Filter>
    </ClInclude>
    <ClInclude Include="debug_deposit_profile.h">
      <Filter>Header Files</Filter>
    </ClInclude>
    <ClInclude Include="deposit_properties.h">
      <Filter>Header Files</Filter>
    </ClInclude>
    <ClInclude Include="fitting_search.h">
      <Filter>Header Files</Filter>
    </ClInclude>
    <ClInclude Include="fluid_properties.h">
      <Filter>Header Files</Filter>
    </ClInclude>
    <ClInclude Include="inlet_condition.h">
      <Filter>Header Files</Filter>
    </ClInclude>
    <ClInclude Include="main_caller.h">
      <Filter>Header Files</Filter>
    </ClInclude>
    <ClInclude Include="parse_input.h">
      <Filter>Header Files</Filter>
    </ClInclude>
    <ClInclude Include="pipe_geometry.h">
      <Filter>Header Files</Filter>
    </ClInclude>
    <ClInclude Include="plot_big_equation.h">
      <Filter>Header Files</Filter>
    </ClInclude>
    <ClInclude Include="program_path.h">
      <Filter>Header Files</Filter>
    </ClInclude>
    <ClInclude Include="simulation_options.h">
      <Filter>Header Files</Filter>
    </ClInclude>
    <ClInclude Include="single_phase_deposition.h">
      <Filter>Header Files</Filter>
    </ClInclude>
    <ClInclude Include="solid_properties.h">
      <Filter>Header Files</Filter>
    </ClInclude>
    <ClInclude Include="speed_test_debug.h">
      <Filter>Header Files</Filter>
    </ClInclude>
    <ClInclude Include="temperature_profile.h">
      <Filter>Header Files</Filter>
    </ClInclude>
    <ClInclude Include="user_call_options.h">
      <Filter>Header Files</Filter>
    </ClInclude>
    <ClInclude Include="user_equation_format.h">
      <Filter>Header Files</Filter>
    </ClInclude>
    <ClInclude Include="user_flow_enum.h">
      <Filter>Header Files</Filter>
    </ClInclude>
    <ClInclude Include="user_math_const.h">
      <Filter>Header Files</Filter>
    </ClInclude>
    <ClInclude Include="user_numerical_method.h">
      <Filter>Header Files</Filter>
    </ClInclude>
    <ClInclude Include="user_python_script.h">
      <Filter>Header Files</Filter>
    </ClInclude>
    <ClInclude Include="user_short_name.h">
      <Filter>Header Files</Filter>
    </ClInclude>
    <ClInclude Include="user_string_operation.h">
      <Filter>Header Files</Filter>
    </ClInclude>
    <ClInclude Include="velocity_profile.h">
      <Filter>Header Files</Filter>
    </ClInclude>
    <ClInclude Include="fitting_search_constant.h">
      <Filter>Header Files</Filter>
    </ClInclude>
  </ItemGroup>
  <ItemGroup>
    <ClCompile Include="stdafx.cpp">
      <Filter>Source Files</Filter>
    </ClCompile>
    <ClCompile Include="SPDepo.cpp">
      <Filter>Source Files</Filter>
    </ClCompile>
    <ClCompile Include="check_big_equation.cpp">
      <Filter>Source Files</Filter>
    </ClCompile>
    <ClCompile Include="check_deposition_library.cpp">
      <Filter>Source Files</Filter>
    </ClCompile>
    <ClCompile Include="check_dopri_many.cpp">
      <Filter>Source Files</Filter>
    </ClCompile>
    <ClCompile Include="Check_library1.cpp">
      <Filter>Source Files</Filter>
    </ClCompile>
    <ClCompile Include="check_library2_input.cpp">
      <Filter>Source Files</Filter>
    </ClCompile>
    <ClCompile Include="check_library3_vprofile.cpp">
      <Filter>Source Files</Filter>
    </ClCompile>
    <ClCompile Include="check_LM.cpp">
      <Filter>Source Files</Filter>
    </ClCompile>
    <ClCompile Include="check_plotting.cpp">
      <Filter>Source Files</Filter>
    </ClCompile>
    <ClCompile Include="check_simpson_method.cpp">
      <Filter>Source Files</Filter>
    </ClCompile>
    <ClCompile Include="concentration_profile.cpp">
      <Filter>Source Files</Filter>
    </ClCompile>
    <ClCompile Include="coolant_condition.cpp">
      <Filter>Source Files</Filter>
    </ClCompile>
    <ClCompile Include="debug_deposit_profile.cpp">
      <Filter>Source Files</Filter>
    </ClCompile>
    <ClCompile Include="deposit_properties.cpp">
      <Filter>Source Files</Filter>
    </ClCompile>
    <ClCompile Include="fitting_search.cpp">
      <Filter>Source Files</Filter>
    </ClCompile>
    <ClCompile Include="fluid_properties.cpp">
      <Filter>Source Files</Filter>
    </ClCompile>
    <ClCompile Include="inlet_condition.cpp">
      <Filter>Source Files</Filter>
    </ClCompile>
    <ClCompile Include="main_caller.cpp">
      <Filter>Source Files</Filter>
    </ClCompile>
    <ClCompile Include="parse_input.cpp">
      <Filter>Source Files</Filter>
    </ClCompile>
    <ClCompile Include="pipe_geometry.cpp">
      <Filter>Source Files</Filter>
    </ClCompile>
    <ClCompile Include="plot_big_equation.cpp">
      <Filter>Source Files</Filter>
    </ClCompile>
    <ClCompile Include="simulation_options.cpp">
      <Filter>Source Files</Filter>
    </ClCompile>
    <ClCompile Include="single_phase_deposition.cpp">
      <Filter>Source Files</Filter>
    </ClCompile>
    <ClCompile Include="solid_properties.cpp">
      <Filter>Source Files</Filter>
    </ClCompile>
    <ClCompile Include="speed_test_debug.cpp">
      <Filter>Source Files</Filter>
    </ClCompile>
    <ClCompile Include="temperature_profile.cpp">
      <Filter>Source Files</Filter>
    </ClCompile>
    <ClCompile Include="user_equation_format.cpp">
      <Filter>Source Files</Filter>
    </ClCompile>
    <ClCompile Include="user_numerical_method.cpp">
      <Filter>Source Files</Filter>
    </ClCompile>
    <ClCompile Include="user_plot_graph.cpp">
      <Filter>Source Files</Filter>
    </ClCompile>
    <ClCompile Include="user_string_operation.cpp">
      <Filter>Source Files</Filter>
    </ClCompile>
    <ClCompile Include="velocity_profile.cpp">
      <Filter>Source Files</Filter>
    </ClCompile>
  </ItemGroup>
</Project>